
Microsoft Visual Studio Solution File, Format Version 12.00
# Visual Studio Version 16
VisualStudioVersion = 16.0.809.4
MinimumVisualStudioVersion = 10.0.40219.1
Project("{FAE04EC0-301F-11D3-BF4B-00C04F79EFBC}") = "itSTEP_11nth", "itSTEP_11nth\itSTEP_11nth.csproj", "{5BBD1DDF-D91A-4531-BB96-F9DB28FC0BBC}"
EndProject
Project("{FAE04EC0-301F-11D3-BF4B-00C04F79EFBC}") = "Person", "Person\Person.csproj", "{15C55542-3828-48E9-9A4D-A156B2141979}"
EndProject
Project("{FAE04EC0-301F-11D3-BF4B-00C04F79EFBC}") = "Student", "Student\Student.csproj", "{4313F30B-E325-43C6-8136-92B265086F81}"
EndProject
Project("{FAE04EC0-301F-11D3-BF4B-00C04F79EFBC}") = "Teacher", "Teacher\Teacher.csproj", "{8FA7B35B-E798-4ACB-A1BC-DC9532BEE242}"
EndProject
Project("{FAE04EC0-301F-11D3-BF4B-00C04F79EFBC}") = "StudentWithAdviser", "StudentWithAdviser\StudentWithAdviser.csproj", "{EB193B4C-21F8-415E-B2BB-B0E658AF8834}"
EndProject
Global
	GlobalSection(SolutionConfigurationPlatforms) = preSolution
		Debug|Any CPU = Debug|Any CPU
		Release|Any CPU = Release|Any CPU
	EndGlobalSection
	GlobalSection(ProjectConfigurationPlatforms) = postSolution
		{5BBD1DDF-D91A-4531-BB96-F9DB28FC0BBC}.Debug|Any CPU.ActiveCfg = Debug|Any CPU
		{5BBD1DDF-D91A-4531-BB96-F9DB28FC0BBC}.Debug|Any CPU.Build.0 = Debug|Any CPU
		{5BBD1DDF-D91A-4531-BB96-F9DB28FC0BBC}.Release|Any CPU.ActiveCfg = Release|Any CPU
		{5BBD1DDF-D91A-4531-BB96-F9DB28FC0BBC}.Release|Any CPU.Build.0 = Release|Any CPU
		{15C55542-3828-48E9-9A4D-A156B2141979}.Debug|Any CPU.ActiveCfg = Debug|Any CPU
		{15C55542-3828-48E9-9A4D-A156B2141979}.Debug|Any CPU.Build.0 = Debug|Any CPU
		{15C55542-3828-48E9-9A4D-A156B2141979}.Release|Any CPU.ActiveCfg = Release|Any CPU
		{15C55542-3828-48E9-9A4D-A156B2141979}.Release|Any CPU.Build.0 = Release|Any CPU
		{4313F30B-E325-43C6-8136-92B265086F81}.Debug|Any CPU.ActiveCfg = Debug|Any CPU
		{4313F30B-E325-43C6-8136-92B265086F81}.Debug|Any CPU.Build.0 = Debug|Any CPU
		{4313F30B-E325-43C6-8136-92B265086F81}.Release|Any CPU.ActiveCfg = Release|Any CPU
		{4313F30B-E325-43C6-8136-92B265086F81}.Release|Any CPU.Build.0 = Release|Any CPU
		{8FA7B35B-E798-4ACB-A1BC-DC9532BEE242}.Debug|Any CPU.ActiveCfg = Debug|Any CPU
		{8FA7B35B-E798-4ACB-A1BC-DC9532BEE242}.Debug|Any CPU.Build.0 = Debug|Any CPU
		{8FA7B35B-E798-4ACB-A1BC-DC9532BEE242}.Release|Any CPU.ActiveCfg = Release|Any CPU
		{8FA7B35B-E798-4ACB-A1BC-DC9532BEE242}.Release|Any CPU.Build.0 = Release|Any CPU
		{EB193B4C-21F8-415E-B2BB-B0E658AF8834}.Debug|Any CPU.ActiveCfg = Debug|Any CPU
		{EB193B4C-21F8-415E-B2BB-B0E658AF8834}.Debug|Any CPU.Build.0 = Debug|Any CPU
		{EB193B4C-21F8-415E-B2BB-B0E658AF8834}.Release|Any CPU.ActiveCfg = Release|Any CPU
		{EB193B4C-21F8-415E-B2BB-B0E658AF8834}.Release|Any CPU.Build.0 = Release|Any CPU
	EndGlobalSection
	GlobalSection(SolutionProperties) = preSolution
		HideSolutionNode = FALSE
	EndGlobalSection
	GlobalSection(ExtensibilityGlobals) = postSolution
		SolutionGuid = {311B3523-0E12-412B-B8FF-F12DE115D5C4}
	EndGlobalSection
EndGlobal
